
Microsoft Visual Studio Solution File, Format Version 12.00
# Visual Studio Version 16
VisualStudioVersion = 16.0.31005.135
MinimumVisualStudioVersion = 10.0.40219.1
Project("{FAE04EC0-301F-11D3-BF4B-00C04F79EFBC}") = "Vogen.Client", "Vogen.Client\Vogen.Client.csproj", "{A7019C41-5E69-4B92-91B0-39E77F991AAA}"
EndProject
Project("{F2A71F9B-5D33-465A-A702-920D77279786}") = "Doaz.Reactive", "Doaz.Reactive\Doaz.Reactive.fsproj", "{F28867EF-61D5-4CB9-8ABE-E4365BC2D00B}"
EndProject
Project("{F2A71F9B-5D33-465A-A702-920D77279786}") = "Doaz.Reactive.Wpf", "Doaz.Reactive.Wpf\Doaz.Reactive.Wpf.fsproj", "{24ED66CE-590E-4F21-B7C8-F0C2B5187FCF}"
EndProject
Project("{F2A71F9B-5D33-465A-A702-920D77279786}") = "Vogen.Client.ViewModel", "Vogen.Client.ViewModel\Vogen.Client.ViewModel.fsproj", "{59AF470D-0CAA-41AB-875C-2449F7E5D38B}"
EndProject
Global
	GlobalSection(SolutionConfigurationPlatforms) = preSolution
		Debug|Any CPU = Debug|Any CPU
		Release|Any CPU = Release|Any CPU
	EndGlobalSection
	GlobalSection(ProjectConfigurationPlatforms) = postSolution
		{A7019C41-5E69-4B92-91B0-39E77F991AAA}.Debug|Any CPU.ActiveCfg = Debug|Any CPU
		{A7019C41-5E69-4B92-91B0-39E77F991AAA}.Debug|Any CPU.Build.0 = Debug|Any CPU
		{A7019C41-5E69-4B92-91B0-39E77F991AAA}.Release|Any CPU.ActiveCfg = Release|Any CPU
		{A7019C41-5E69-4B92-91B0-39E77F991AAA}.Release|Any CPU.Build.0 = Release|Any CPU
		{F28867EF-61D5-4CB9-8ABE-E4365BC2D00B}.Debug|Any CPU.ActiveCfg = Debug|Any CPU
		{F28867EF-61D5-4CB9-8ABE-E4365BC2D00B}.Debug|Any CPU.Build.0 = Debug|Any CPU
		{F28867EF-61D5-4CB9-8ABE-E4365BC2D00B}.Release|Any CPU.ActiveCfg = Release|Any CPU
		{F28867EF-61D5-4CB9-8ABE-E4365BC2D00B}.Release|Any CPU.Build.0 = Release|Any CPU
		{24ED66CE-590E-4F21-B7C8-F0C2B5187FCF}.Debug|Any CPU.ActiveCfg = Debug|Any CPU
		{24ED66CE-590E-4F21-B7C8-F0C2B5187FCF}.Debug|Any CPU.Build.0 = Debug|Any CPU
		{24ED66CE-590E-4F21-B7C8-F0C2B5187FCF}.Release|Any CPU.ActiveCfg = Release|Any CPU
		{24ED66CE-590E-4F21-B7C8-F0C2B5187FCF}.Release|Any CPU.Build.0 = Release|Any CPU
		{59AF470D-0CAA-41AB-875C-2449F7E5D38B}.Debug|Any CPU.ActiveCfg = Debug|Any CPU
		{59AF470D-0CAA-41AB-875C-2449F7E5D38B}.Debug|Any CPU.Build.0 = Debug|Any CPU
		{59AF470D-0CAA-41AB-875C-2449F7E5D38B}.Release|Any CPU.ActiveCfg = Release|Any CPU
		{59AF470D-0CAA-41AB-875C-2449F7E5D38B}.Release|Any CPU.Build.0 = Release|Any CPU
	EndGlobalSection
	GlobalSection(SolutionProperties) = preSolution
		HideSolutionNode = FALSE
	EndGlobalSection
	GlobalSection(ExtensibilityGlobals) = postSolution
		SolutionGuid = {C61E101A-C974-40C1-B525-66CF830A5586}
	EndGlobalSection
EndGlobal
